// !$*UTF8*$!
{
	archiveVersion = 1;
	classes = {
	};
	objectVersion = 50;
	objects = {

/* Begin PBXBuildFile section */
		18DE4A4D2121D56E00FC346B /* db.sqlite in Resources */ = {isa = PBXBuildFile; fileRef = 18DE4A4C2121D56E00FC346B /* db.sqlite */; };
		18F97F9D211F5A1900716595 /* AppDelegate.swift in Sources */ = {isa = PBXBuildFile; fileRef = 18F97F9C211F5A1900716595 /* AppDelegate.swift */; };
		18F97F9F211F5A1900716595 /* ViewController.swift in Sources */ = {isa = PBXBuildFile; fileRef = 18F97F9E211F5A1900716595 /* ViewController.swift */; };
		18F97FA2211F5A1900716595 /* Main.storyboard in Resources */ = {isa = PBXBuildFile; fileRef = 18F97FA0211F5A1900716595 /* Main.storyboard */; };
		18F97FA4211F5A1900716595 /* Assets.xcassets in Resources */ = {isa = PBXBuildFile; fileRef = 18F97FA3211F5A1900716595 /* Assets.xcassets */; };
		18F97FA7211F5A1900716595 /* LaunchScreen.storyboard in Resources */ = {isa = PBXBuildFile; fileRef = 18F97FA5211F5A1900716595 /* LaunchScreen.storyboard */; };
		18F97FB0211F5A2900716595 /* libsqlite3.tbd in Frameworks */ = {isa = PBXBuildFile; fileRef = 18F97FAF211F5A2900716595 /* libsqlite3.tbd */; };
/* End PBXBuildFile section */

/* Begin PBXFileReference section */
		18DE4A4C2121D56E00FC346B /* db.sqlite */ = {isa = PBXFileReference; lastKnownFileType = file; path = db.sqlite; sourceTree = "<group>"; };
		18F97F99211F5A1900716595 /* Test_SQLite3.app */ = {isa = PBXFileReference; explicitFileType = wrapper.application; includeInIndex = 0; path = Test_SQLite3.app; sourceTree = BUILT_PRODUCTS_DIR; };
		18F97F9C211F5A1900716595 /* AppDelegate.swift */ = {isa = PBXFileReference; lastKnownFileType = sourcecode.swift; path = AppDelegate.swift; sourceTree = "<group>"; };
		18F97F9E211F5A1900716595 /* ViewController.swift */ = {isa = PBXFileReference; lastKnownFileType = sourcecode.swift; path = ViewController.swift; sourceTree = "<group>"; };
		18F97FA1211F5A1900716595 /* Base */ = {isa = PBXFileReference; lastKnownFileType = file.storyboard; name = Base; path = Base.lproj/Main.storyboard; sourceTree = "<group>"; };
		18F97FA3211F5A1900716595 /* Assets.xcassets */ = {isa = PBXFileReference; lastKnownFileType = folder.assetcatalog; path = Assets.xcassets; sourceTree = "<group>"; };
		18F97FA6211F5A1900716595 /* Base */ = {isa = PBXFileReference; lastKnownFileType = file.storyboard; name = Base; path = Base.lproj/LaunchScreen.storyboard; sourceTree = "<group>"; };
		18F97FA8211F5A1900716595 /* Info.plist */ = {isa = PBXFileReference; lastKnownFileType = text.plist.xml; path = Info.plist; sourceTree = "<group>"; };
		18F97FAF211F5A2900716595 /* libsqlite3.tbd */ = {isa = PBXFileReference; lastKnownFileType = "sourcecode.text-based-dylib-definition"; name = libsqlite3.tbd; path = usr/lib/libsqlite3.tbd; sourceTree = SDKROOT; };
		18F97FB1211F5A3700716595 /* Test_SQLite3-Bridging-Header.h */ = {isa = PBXFileReference; lastKnownFileType = sourcecode.c.h; path = "Test_SQLite3-Bridging-Header.h"; sourceTree = "<group>"; };
/* End PBXFileReference section */

/* Begin PBXFrameworksBuildPhase section */
		18F97F96211F5A1900716595 /* Frameworks */ = {
			isa = PBXFrameworksBuildPhase;
			buildActionMask = 2147483647;
			files = (
				18F97FB0211F5A2900716595 /* libsqlite3.tbd in Frameworks */,
			);
			runOnlyForDeploymentPostprocessing = 0;
		};
/* End PBXFrameworksBuildPhase section */

/* Begin PBXGroup section */
		18F97F90211F5A1900716595 = {
			isa = PBXGroup;
			children = (
				18F97F9B211F5A1900716595 /* Test_SQLite3 */,
				18F97F9A211F5A1900716595 /* Products */,
				18F97FAE211F5A2900716595 /* Frameworks */,
			);
			sourceTree = "<group>";
		};
		18F97F9A211F5A1900716595 /* Products */ = {
			isa = PBXGroup;
			children = (
				18F97F99211F5A1900716595 /* Test_SQLite3.app */,
			);
			name = Products;
			sourceTree = "<group>";
		};
		18F97F9B211F5A1900716595 /* Test_SQLite3 */ = {
			isa = PBXGroup;
			children = (
				18DE4A4C2121D56E00FC346B /* db.sqlite */,
				18F97F9C211F5A1900716595 /* AppDelegate.swift */,
				18F97F9E211F5A1900716595 /* ViewController.swift */,
				18F97FA0211F5A1900716595 /* Main.storyboard */,
				18F97FA3211F5A1900716595 /* Assets.xcassets */,
				18F97FA5211F5A1900716595 /* LaunchScreen.storyboard */,
				18F97FA8211F5A1900716595 /* Info.plist */,
				18F97FB1211F5A3700716595 /* Test_SQLite3-Bridging-Header.h */,
			);
			path = Test_SQLite3;
			sourceTree = "<group>";
		};
		18F97FAE211F5A2900716595 /* Frameworks */ = {
			isa = PBXGroup;
			children = (
				18F97FAF211F5A2900716595 /* libsqlite3.tbd */,
			);
			name = Frameworks;
			sourceTree = "<group>";
		};
/* End PBXGroup section */

/* Begin PBXNativeTarget section */
		18F97F98211F5A1900716595 /* Test_SQLite3 */ = {
			isa = PBXNativeTarget;
			buildConfigurationList = 18F97FAB211F5A1900716595 /* Build configuration list for PBXNativeTarget "Test_SQLite3" */;
			buildPhases = (
				18F97F95211F5A1900716595 /* Sources */,
				18F97F96211F5A1900716595 /* Frameworks */,
				18F97F97211F5A1900716595 /* Resources */,
			);
			buildRules = (
			);
			dependencies = (
			);
			name = Test_SQLite3;
			productName = Test_SQLite3;
			productReference = 18F97F99211F5A1900716595 /* Test_SQLite3.app */;
			productType = "com.apple.product-type.application";
		};
/* End PBXNativeTarget section */

/* Begin PBXProject section */
		18F97F91211F5A1900716595 /* Project object */ = {
			isa = PBXProject;
			attributes = {
				LastSwiftUpdateCheck = 0940;
				LastUpgradeCheck = 0940;
				ORGANIZATIONNAME = "이민혁";
				TargetAttributes = {
					18F97F98211F5A1900716595 = {
						CreatedOnToolsVersion = 9.4.1;
						LastSwiftMigration = 0940;
					};
				};
			};
			buildConfigurationList = 18F97F94211F5A1900716595 /* Build configuration list for PBXProject "Test_SQLite3" */;
			compatibilityVersion = "Xcode 9.3";
			developmentRegion = en;
			hasScannedForEncodings = 0;
			knownRegions = (
				en,
				Base,
			);
			mainGroup = 18F97F90211F5A1900716595;
			productRefGroup = 18F97F9A211F5A1900716595 /* Products */;
			projectDirPath = "";
			projectRoot = "";
			targets = (
				18F97F98211F5A1900716595 /* Test_SQLite3 */,
			);
		};
/* End PBXProject section */

/* Begin PBXResourcesBuildPhase section */
		18F97F97211F5A1900716595 /* Resources */ = {
			isa = PBXResourcesBuildPhase;
			buildActionMask = 2147483647;
			files = (
				18F97FA7211F5A1900716595 /* LaunchScreen.storyboard in Resources */,
				18F97FA4211F5A1900716595 /* Assets.xcassets in Resources */,
				18F97FA2211F5A1900716595 /* Main.storyboard in Resources */,
				18DE4A4D2121D56E00FC346B /* db.sqlite in Resources */,
			);
			runOnlyForDeploymentPostprocessing = 0;
		};
/* End PBXResourcesBuildPhase section */

/* Begin PBXSourcesBuildPhase section */
		18F97F95211F5A1900716595 /* Sources */ = {
			isa = PBXSourcesBuildPhase;
			buildActionMask = 2147483647;
			files = (
				18F97F9F211F5A1900716595 /* ViewController.swift in Sources */,
				18F97F9D211F5A1900716595 /* AppDelegate.swift in Sources */,
			);
			runOnlyForDeploymentPostprocessing = 0;
		};
/* End PBXSourcesBuildPhase section */

/* Begin PBXVariantGroup section */
		18F97FA0211F5A1900716595 /* Main.storyboard */ = {
			isa = PBXVariantGroup;
			children = (
				18F97FA1211F5A1900716595 /* Base */,
			);
			name = Main.storyboard;
			sourceTree = "<group>";
		};
		18F97FA5211F5A1900716595 /* LaunchScreen.storyboard */ = {
			isa = PBXVariantGroup;
			children = (
				18F97FA6211F5A1900716595 /* Base */,
			);
			name = LaunchScreen.storyboard;
			sourceTree = "<group>";
		};
/* End PBXVariantGroup section */

/* Begin XCBuildConfiguration section */
		18F97FA9211F5A1900716595 /* Debug */ = {
			isa = XCBuildConfiguration;
			buildSettings = {
				ALWAYS_SEARCH_USER_PATHS = NO;
				CLANG_ANALYZER_NONNULL = YES;
				CLANG_ANALYZER_NUMBER_OBJECT_CONVERSION = YES_AGGRESSIVE;
				CLANG_CXX_LANGUAGE_STANDARD = "gnu++14";
				CLANG_CXX_LIBRARY = "libc++";
				CLANG_ENABLE_MODULES = YES;
				CLANG_ENABLE_OBJC_ARC = YES;
				CLANG_ENABLE_OBJC_WEAK = YES;
				CLANG_WARN_BLOCK_CAPTURE_AUTORELEASING = YES;
				CLANG_WARN_BOOL_CONVERSION = YES;
				CLANG_WARN_COMMA = YES;
				CLANG_WARN_CONSTANT_CONVERSION = YES;
				CLANG_WARN_DEPRECATED_OBJC_IMPLEMENTATIONS = YES;
				CLANG_WARN_DIRECT_OBJC_ISA_USAGE = YES_ERROR;
				CLANG_WARN_DOCUMENTATION_COMMENTS = YES;
				CLANG_WARN_EMPTY_BODY = YES;
				CLANG_WARN_ENUM_CONVERSION = YES;
				CLANG_WARN_INFINITE_RECURSION = YES;
				CLANG_WARN_INT_CONVERSION = YES;
				CLANG_WARN_NON_LITERAL_NULL_CONVERSION = YES;
				CLANG_WARN_OBJC_IMPLICIT_RETAIN_SELF = YES;
				CLANG_WARN_OBJC_LITERAL_CONVERSION = YES;
				CLANG_WARN_OBJC_ROOT_CLASS = YES_ERROR;
				CLANG_WARN_RANGE_LOOP_ANALYSIS = YES;
				CLANG_WARN_STRICT_PROTOTYPES = YES;
				CLANG_WARN_SUSPICIOUS_MOVE = YES;
				CLANG_WARN_UNGUARDED_AVAILABILITY = YES_AGGRESSIVE;
				CLANG_WARN_UNREACHABLE_CODE = YES;
				CLANG_WARN__DUPLICATE_METHOD_MATCH = YES;
				CODE_SIGN_IDENTITY = "iPhone Developer";
				COPY_PHASE_STRIP = NO;
				DEBUG_INFORMATION_FORMAT = dwarf;
				ENABLE_STRICT_OBJC_MSGSEND = YES;
				ENABLE_TESTABILITY = YES;
				GCC_C_LANGUAGE_STANDARD = gnu11;
				GCC_DYNAMIC_NO_PIC = NO;
				GCC_NO_COMMON_BLOCKS = YES;
				GCC_OPTIMIZATION_LEVEL = 0;
				GCC_PREPROCESSOR_DEFINITIONS = (
					"DEBUG=1",
					"$(inherited)",
				);
				GCC_WARN_64_TO_32_BIT_CONVERSION = YES;
				GCC_WARN_ABOUT_RETURN_TYPE = YES_ERROR;
				GCC_WARN_UNDECLARED_SELECTOR = YES;
				GCC_WARN_UNINITIALIZED_AUTOS = YES_AGGRESSIVE;
				GCC_WARN_UNUSED_FUNCTION = YES;
				GCC_WARN_UNUSED_VARIABLE = YES;
				IPHONEOS_DEPLOYMENT_TARGET = 11.4;
				MTL_ENABLE_DEBUG_INFO = YES;
				ONLY_ACTIVE_ARCH = YES;
				SDKROOT = iphoneos;
				SWIFT_ACTIVE_COMPILATION_CONDITIONS = DEBUG;
				SWIFT_OPTIMIZATION_LEVEL = "-Onone";
			};
			name = Debug;
		};
		18F97FAA211F5A1900716595 /* Release */ = {
			isa = XCBuildConfiguration;
			buildSettings = {
				ALWAYS_SEARCH_USER_PATHS = NO;
				CLANG_ANALYZER_NONNULL = YES;
				CLANG_ANALYZER_NUMBER_OBJECT_CONVERSION = YES_AGGRESSIVE;
				CLANG_CXX_LANGUAGE_STANDARD = "gnu++14";
				CLANG_CXX_LIBRARY = "libc++";
				CLANG_ENABLE_MODULES = YES;
				CLANG_ENABLE_OBJC_ARC = YES;
				CLANG_ENABLE_OBJC_WEAK = YES;
				CLANG_WARN_BLOCK_CAPTURE_AUTORELEASING = YES;
				CLANG_WARN_BOOL_CONVERSION = YES;
				CLANG_WARN_COMMA = YES;
				CLANG_WARN_CONSTANT_CONVERSION = YES;
				CLANG_WARN_DEPRECATED_OBJC_IMPLEMENTATIONS = YES;
				CLANG_WARN_DIRECT_OBJC_ISA_USAGE = YES_ERROR;
				CLANG_WARN_DOCUMENTATION_COMMENTS = YES;
				CLANG_WARN_EMPTY_BODY = YES;
				CLANG_WARN_ENUM_CONVERSION = YES;
				CLANG_WARN_INFINITE_RECURSION = YES;
				CLANG_WARN_INT_CONVERSION = YES;
				CLANG_WARN_NON_LITERAL_NULL_CONVERSION = YES;
				CLANG_WARN_OBJC_IMPLICIT_RETAIN_SELF = YES;
				CLANG_WARN_OBJC_LITERAL_CONVERSION = YES;
				CLANG_WARN_OBJC_ROOT_CLASS = YES_ERROR;
				CLANG_WARN_RANGE_LOOP_ANALYSIS = YES;
				CLANG_WARN_STRICT_PROTOTYPES = YES;
				CLANG_WARN_SUSPICIOUS_MOVE = YES;
				CLANG_WARN_UNGUARDED_AVAILABILITY = YES_AGGRESSIVE;
				CLANG_WARN_UNREACHABLE_CODE = YES;
				CLANG_WARN__DUPLICATE_METHOD_MATCH = YES;
				CODE_SIGN_IDENTITY = "iPhone Developer";
				COPY_PHASE_STRIP = NO;
				DEBUG_INFORMATION_FORMAT = "dwarf-with-dsym";
				ENABLE_NS_ASSERTIONS = NO;
				ENABLE_STRICT_OBJC_MSGSEND = YES;
				GCC_C_LANGUAGE_STANDARD = gnu11;
				GCC_NO_COMMON_BLOCKS = YES;
				GCC_WARN_64_TO_32_BIT_CONVERSION = YES;
				GCC_WARN_ABOUT_RETURN_TYPE = YES_ERROR;
				GCC_WARN_UNDECLARED_SELECTOR = YES;
				GCC_WARN_UNINITIALIZED_AUTOS = YES_AGGRESSIVE;
				GCC_WARN_UNUSED_FUNCTION = YES;
				GCC_WARN_UNUSED_VARIABLE = YES;
				IPHONEOS_DEPLOYMENT_TARGET = 11.4;
				MTL_ENABLE_DEBUG_INFO = NO;
				SDKROOT = iphoneos;
				SWIFT_COMPILATION_MODE = wholemodule;
				SWIFT_OPTIMIZATION_LEVEL = "-O";
				VALIDATE_PRODUCT = YES;
			};
			name = Release;
		};
		18F97FAC211F5A1900716595 /* Debug */ = {
			isa = XCBuildConfiguration;
			buildSettings = {
				ASSETCATALOG_COMPILER_APPICON_NAME = AppIcon;
				CLANG_ENABLE_MODULES = YES;
				CODE_SIGN_STYLE = Automatic;
				DEVELOPMENT_TEAM = XN5BQUAUEN;
				INFOPLIST_FILE = Test_SQLite3/Info.plist;
				LD_RUNPATH_SEARCH_PATHS = (
					"$(inherited)",
					"@executable_path/Frameworks",
				);
				PRODUCT_BUNDLE_IDENTIFIER = "com.newone.Test-SQLite3";
				PRODUCT_NAME = "$(TARGET_NAME)";
				SWIFT_OBJC_BRIDGING_HEADER = "Test_SQLite3/Test_SQLite3-Bridging-Header.h";
				SWIFT_OPTIMIZATION_LEVEL = "-Onone";
				SWIFT_VERSION = 4.0;
				TARGETED_DEVICE_FAMILY = 1;
			};
			name = Debug;
		};
		18F97FAD211F5A1900716595 /* Release */ = {
			isa = XCBuildConfiguration;
			buildSettings = {
				ASSETCATALOG_COMPILER_APPICON_NAME = AppIcon;
				CLANG_ENABLE_MODULES = YES;
				CODE_SIGN_STYLE = Automatic;
				DEVELOPMENT_TEAM = XN5BQUAUEN;
				INFOPLIST_FILE = Test_SQLite3/Info.plist;
				LD_RUNPATH_SEARCH_PATHS = (
					"$(inherited)",
					"@executable_path/Frameworks",
				);
				PRODUCT_BUNDLE_IDENTIFIER = "com.newone.Test-SQLite3";
				PRODUCT_NAME = "$(TARGET_NAME)";
				SWIFT_OBJC_BRIDGING_HEADER = "Test_SQLite3/Test_SQLite3-Bridging-Header.h";
				SWIFT_VERSION = 4.0;
				TARGETED_DEVICE_FAMILY = 1;
			};
			name = Release;
		};
/* End XCBuildConfiguration section */

/* Begin XCConfigurationList section */
		18F97F94211F5A1900716595 /* Build configuration list for PBXProject "Test_SQLite3" */ = {
			isa = XCConfigurationList;
			buildConfigurations = (
				18F97FA9211F5A1900716595 /* Debug */,
				18F97FAA211F5A1900716595 /* Release */,
			);
			defaultConfigurationIsVisible = 0;
			defaultConfigurationName = Release;
		};
		18F97FAB211F5A1900716595 /* Build configuration list for PBXNativeTarget "Test_SQLite3" */ = {
			isa = XCConfigurationList;
			buildConfigurations = (
				18F97FAC211F5A1900716595 /* Debug */,
				18F97FAD211F5A1900716595 /* Release */,
			);
			defaultConfigurationIsVisible = 0;
			defaultConfigurationName = Release;
		};
/* End XCConfigurationList section */
	};
	rootObject = 18F97F91211F5A1900716595 /* Project object */;
}
