// !$*UTF8*$!
{
	archiveVersion = 1;
	classes = {
	};
	objectVersion = 50;
	objects = {

/* Begin PBXBuildFile section */
		188411F521076CFE00F76EDA /* AppDelegate.swift in Sources */ = {isa = PBXBuildFile; fileRef = 188411F421076CFE00F76EDA /* AppDelegate.swift */; };
		188411F721076CFE00F76EDA /* ViewController.swift in Sources */ = {isa = PBXBuildFile; fileRef = 188411F621076CFE00F76EDA /* ViewController.swift */; };
		188411FA21076CFE00F76EDA /* Main.storyboard in Resources */ = {isa = PBXBuildFile; fileRef = 188411F821076CFE00F76EDA /* Main.storyboard */; };
		188411FC21076CFF00F76EDA /* Assets.xcassets in Resources */ = {isa = PBXBuildFile; fileRef = 188411FB21076CFF00F76EDA /* Assets.xcassets */; };
		188411FF21076CFF00F76EDA /* LaunchScreen.storyboard in Resources */ = {isa = PBXBuildFile; fileRef = 188411FD21076CFF00F76EDA /* LaunchScreen.storyboard */; };
		1884120921076D6B00F76EDA /* SWRevealViewController.m in Sources */ = {isa = PBXBuildFile; fileRef = 1884120721076D6A00F76EDA /* SWRevealViewController.m */; };
		1884120C21076DDC00F76EDA /* sidemenu.png in Resources */ = {isa = PBXBuildFile; fileRef = 1884120B21076DDC00F76EDA /* sidemenu.png */; };
		1884120E21076E2300F76EDA /* FrontViewController.swift in Sources */ = {isa = PBXBuildFile; fileRef = 1884120D21076E2300F76EDA /* FrontViewController.swift */; };
/* End PBXBuildFile section */

/* Begin PBXFileReference section */
		188411F121076CFE00F76EDA /* SideBar.app */ = {isa = PBXFileReference; explicitFileType = wrapper.application; includeInIndex = 0; path = SideBar.app; sourceTree = BUILT_PRODUCTS_DIR; };
		188411F421076CFE00F76EDA /* AppDelegate.swift */ = {isa = PBXFileReference; lastKnownFileType = sourcecode.swift; path = AppDelegate.swift; sourceTree = "<group>"; };
		188411F621076CFE00F76EDA /* ViewController.swift */ = {isa = PBXFileReference; lastKnownFileType = sourcecode.swift; path = ViewController.swift; sourceTree = "<group>"; };
		188411F921076CFE00F76EDA /* Base */ = {isa = PBXFileReference; lastKnownFileType = file.storyboard; name = Base; path = Base.lproj/Main.storyboard; sourceTree = "<group>"; };
		188411FB21076CFF00F76EDA /* Assets.xcassets */ = {isa = PBXFileReference; lastKnownFileType = folder.assetcatalog; path = Assets.xcassets; sourceTree = "<group>"; };
		188411FE21076CFF00F76EDA /* Base */ = {isa = PBXFileReference; lastKnownFileType = file.storyboard; name = Base; path = Base.lproj/LaunchScreen.storyboard; sourceTree = "<group>"; };
		1884120021076CFF00F76EDA /* Info.plist */ = {isa = PBXFileReference; lastKnownFileType = text.plist.xml; path = Info.plist; sourceTree = "<group>"; };
		1884120621076D6A00F76EDA /* SideBar-Bridging-Header.h */ = {isa = PBXFileReference; lastKnownFileType = sourcecode.c.h; path = "SideBar-Bridging-Header.h"; sourceTree = "<group>"; };
		1884120721076D6A00F76EDA /* SWRevealViewController.m */ = {isa = PBXFileReference; fileEncoding = 4; lastKnownFileType = sourcecode.c.objc; path = SWRevealViewController.m; sourceTree = "<group>"; };
		1884120821076D6B00F76EDA /* SWRevealViewController.h */ = {isa = PBXFileReference; fileEncoding = 4; lastKnownFileType = sourcecode.c.h; path = SWRevealViewController.h; sourceTree = "<group>"; };
		1884120B21076DDC00F76EDA /* sidemenu.png */ = {isa = PBXFileReference; lastKnownFileType = image.png; path = sidemenu.png; sourceTree = "<group>"; };
		1884120D21076E2300F76EDA /* FrontViewController.swift */ = {isa = PBXFileReference; lastKnownFileType = sourcecode.swift; path = FrontViewController.swift; sourceTree = "<group>"; };
/* End PBXFileReference section */

/* Begin PBXFrameworksBuildPhase section */
		188411EE21076CFE00F76EDA /* Frameworks */ = {
			isa = PBXFrameworksBuildPhase;
			buildActionMask = 2147483647;
			files = (
			);
			runOnlyForDeploymentPostprocessing = 0;
		};
/* End PBXFrameworksBuildPhase section */

/* Begin PBXGroup section */
		188411E821076CFE00F76EDA = {
			isa = PBXGroup;
			children = (
				1884120A21076DB700F76EDA /* Resource */,
				188411F321076CFE00F76EDA /* SideBar */,
				188411F221076CFE00F76EDA /* Products */,
			);
			sourceTree = "<group>";
		};
		188411F221076CFE00F76EDA /* Products */ = {
			isa = PBXGroup;
			children = (
				188411F121076CFE00F76EDA /* SideBar.app */,
			);
			name = Products;
			sourceTree = "<group>";
		};
		188411F321076CFE00F76EDA /* SideBar */ = {
			isa = PBXGroup;
			children = (
				1884120821076D6B00F76EDA /* SWRevealViewController.h */,
				1884120721076D6A00F76EDA /* SWRevealViewController.m */,
				188411F421076CFE00F76EDA /* AppDelegate.swift */,
				188411F621076CFE00F76EDA /* ViewController.swift */,
				188411F821076CFE00F76EDA /* Main.storyboard */,
				188411FB21076CFF00F76EDA /* Assets.xcassets */,
				188411FD21076CFF00F76EDA /* LaunchScreen.storyboard */,
				1884120021076CFF00F76EDA /* Info.plist */,
				1884120621076D6A00F76EDA /* SideBar-Bridging-Header.h */,
				1884120D21076E2300F76EDA /* FrontViewController.swift */,
			);
			path = SideBar;
			sourceTree = "<group>";
		};
		1884120A21076DB700F76EDA /* Resource */ = {
			isa = PBXGroup;
			children = (
				1884120B21076DDC00F76EDA /* sidemenu.png */,
			);
			path = Resource;
			sourceTree = "<group>";
		};
/* End PBXGroup section */

/* Begin PBXNativeTarget section */
		188411F021076CFE00F76EDA /* SideBar */ = {
			isa = PBXNativeTarget;
			buildConfigurationList = 1884120321076CFF00F76EDA /* Build configuration list for PBXNativeTarget "SideBar" */;
			buildPhases = (
				188411ED21076CFE00F76EDA /* Sources */,
				188411EE21076CFE00F76EDA /* Frameworks */,
				188411EF21076CFE00F76EDA /* Resources */,
			);
			buildRules = (
			);
			dependencies = (
			);
			name = SideBar;
			productName = SideBar;
			productReference = 188411F121076CFE00F76EDA /* SideBar.app */;
			productType = "com.apple.product-type.application";
		};
/* End PBXNativeTarget section */

/* Begin PBXProject section */
		188411E921076CFE00F76EDA /* Project object */ = {
			isa = PBXProject;
			attributes = {
				LastSwiftUpdateCheck = 0940;
				LastUpgradeCheck = 0940;
				ORGANIZATIONNAME = "이민혁";
				TargetAttributes = {
					188411F021076CFE00F76EDA = {
						CreatedOnToolsVersion = 9.4.1;
						LastSwiftMigration = 0940;
					};
				};
			};
			buildConfigurationList = 188411EC21076CFE00F76EDA /* Build configuration list for PBXProject "SideBar" */;
			compatibilityVersion = "Xcode 9.3";
			developmentRegion = en;
			hasScannedForEncodings = 0;
			knownRegions = (
				en,
				Base,
			);
			mainGroup = 188411E821076CFE00F76EDA;
			productRefGroup = 188411F221076CFE00F76EDA /* Products */;
			projectDirPath = "";
			projectRoot = "";
			targets = (
				188411F021076CFE00F76EDA /* SideBar */,
			);
		};
/* End PBXProject section */

/* Begin PBXResourcesBuildPhase section */
		188411EF21076CFE00F76EDA /* Resources */ = {
			isa = PBXResourcesBuildPhase;
			buildActionMask = 2147483647;
			files = (
				188411FF21076CFF00F76EDA /* LaunchScreen.storyboard in Resources */,
				1884120C21076DDC00F76EDA /* sidemenu.png in Resources */,
				188411FC21076CFF00F76EDA /* Assets.xcassets in Resources */,
				188411FA21076CFE00F76EDA /* Main.storyboard in Resources */,
			);
			runOnlyForDeploymentPostprocessing = 0;
		};
/* End PBXResourcesBuildPhase section */

/* Begin PBXSourcesBuildPhase section */
		188411ED21076CFE00F76EDA /* Sources */ = {
			isa = PBXSourcesBuildPhase;
			buildActionMask = 2147483647;
			files = (
				1884120E21076E2300F76EDA /* FrontViewController.swift in Sources */,
				188411F721076CFE00F76EDA /* ViewController.swift in Sources */,
				188411F521076CFE00F76EDA /* AppDelegate.swift in Sources */,
				1884120921076D6B00F76EDA /* SWRevealViewController.m in Sources */,
			);
			runOnlyForDeploymentPostprocessing = 0;
		};
/* End PBXSourcesBuildPhase section */

/* Begin PBXVariantGroup section */
		188411F821076CFE00F76EDA /* Main.storyboard */ = {
			isa = PBXVariantGroup;
			children = (
				188411F921076CFE00F76EDA /* Base */,
			);
			name = Main.storyboard;
			sourceTree = "<group>";
		};
		188411FD21076CFF00F76EDA /* LaunchScreen.storyboard */ = {
			isa = PBXVariantGroup;
			children = (
				188411FE21076CFF00F76EDA /* Base */,
			);
			name = LaunchScreen.storyboard;
			sourceTree = "<group>";
		};
/* End PBXVariantGroup section */

/* Begin XCBuildConfiguration section */
		1884120121076CFF00F76EDA /* Debug */ = {
			isa = XCBuildConfiguration;
			buildSettings = {
				ALWAYS_SEARCH_USER_PATHS = NO;
				CLANG_ANALYZER_NONNULL = YES;
				CLANG_ANALYZER_NUMBER_OBJECT_CONVERSION = YES_AGGRESSIVE;
				CLANG_CXX_LANGUAGE_STANDARD = "gnu++14";
				CLANG_CXX_LIBRARY = "libc++";
				CLANG_ENABLE_MODULES = YES;
				CLANG_ENABLE_OBJC_ARC = YES;
				CLANG_ENABLE_OBJC_WEAK = YES;
				CLANG_WARN_BLOCK_CAPTURE_AUTORELEASING = YES;
				CLANG_WARN_BOOL_CONVERSION = YES;
				CLANG_WARN_COMMA = YES;
				CLANG_WARN_CONSTANT_CONVERSION = YES;
				CLANG_WARN_DEPRECATED_OBJC_IMPLEMENTATIONS = YES;
				CLANG_WARN_DIRECT_OBJC_ISA_USAGE = YES_ERROR;
				CLANG_WARN_DOCUMENTATION_COMMENTS = YES;
				CLANG_WARN_EMPTY_BODY = YES;
				CLANG_WARN_ENUM_CONVERSION = YES;
				CLANG_WARN_INFINITE_RECURSION = YES;
				CLANG_WARN_INT_CONVERSION = YES;
				CLANG_WARN_NON_LITERAL_NULL_CONVERSION = YES;
				CLANG_WARN_OBJC_IMPLICIT_RETAIN_SELF = YES;
				CLANG_WARN_OBJC_LITERAL_CONVERSION = YES;
				CLANG_WARN_OBJC_ROOT_CLASS = YES_ERROR;
				CLANG_WARN_RANGE_LOOP_ANALYSIS = YES;
				CLANG_WARN_STRICT_PROTOTYPES = YES;
				CLANG_WARN_SUSPICIOUS_MOVE = YES;
				CLANG_WARN_UNGUARDED_AVAILABILITY = YES_AGGRESSIVE;
				CLANG_WARN_UNREACHABLE_CODE = YES;
				CLANG_WARN__DUPLICATE_METHOD_MATCH = YES;
				CODE_SIGN_IDENTITY = "iPhone Developer";
				COPY_PHASE_STRIP = NO;
				DEBUG_INFORMATION_FORMAT = dwarf;
				ENABLE_STRICT_OBJC_MSGSEND = YES;
				ENABLE_TESTABILITY = YES;
				GCC_C_LANGUAGE_STANDARD = gnu11;
				GCC_DYNAMIC_NO_PIC = NO;
				GCC_NO_COMMON_BLOCKS = YES;
				GCC_OPTIMIZATION_LEVEL = 0;
				GCC_PREPROCESSOR_DEFINITIONS = (
					"DEBUG=1",
					"$(inherited)",
				);
				GCC_WARN_64_TO_32_BIT_CONVERSION = YES;
				GCC_WARN_ABOUT_RETURN_TYPE = YES_ERROR;
				GCC_WARN_UNDECLARED_SELECTOR = YES;
				GCC_WARN_UNINITIALIZED_AUTOS = YES_AGGRESSIVE;
				GCC_WARN_UNUSED_FUNCTION = YES;
				GCC_WARN_UNUSED_VARIABLE = YES;
				IPHONEOS_DEPLOYMENT_TARGET = 11.4;
				MTL_ENABLE_DEBUG_INFO = YES;
				ONLY_ACTIVE_ARCH = YES;
				SDKROOT = iphoneos;
				SWIFT_ACTIVE_COMPILATION_CONDITIONS = DEBUG;
				SWIFT_OPTIMIZATION_LEVEL = "-Onone";
			};
			name = Debug;
		};
		1884120221076CFF00F76EDA /* Release */ = {
			isa = XCBuildConfiguration;
			buildSettings = {
				ALWAYS_SEARCH_USER_PATHS = NO;
				CLANG_ANALYZER_NONNULL = YES;
				CLANG_ANALYZER_NUMBER_OBJECT_CONVERSION = YES_AGGRESSIVE;
				CLANG_CXX_LANGUAGE_STANDARD = "gnu++14";
				CLANG_CXX_LIBRARY = "libc++";
				CLANG_ENABLE_MODULES = YES;
				CLANG_ENABLE_OBJC_ARC = YES;
				CLANG_ENABLE_OBJC_WEAK = YES;
				CLANG_WARN_BLOCK_CAPTURE_AUTORELEASING = YES;
				CLANG_WARN_BOOL_CONVERSION = YES;
				CLANG_WARN_COMMA = YES;
				CLANG_WARN_CONSTANT_CONVERSION = YES;
				CLANG_WARN_DEPRECATED_OBJC_IMPLEMENTATIONS = YES;
				CLANG_WARN_DIRECT_OBJC_ISA_USAGE = YES_ERROR;
				CLANG_WARN_DOCUMENTATION_COMMENTS = YES;
				CLANG_WARN_EMPTY_BODY = YES;
				CLANG_WARN_ENUM_CONVERSION = YES;
				CLANG_WARN_INFINITE_RECURSION = YES;
				CLANG_WARN_INT_CONVERSION = YES;
				CLANG_WARN_NON_LITERAL_NULL_CONVERSION = YES;
				CLANG_WARN_OBJC_IMPLICIT_RETAIN_SELF = YES;
				CLANG_WARN_OBJC_LITERAL_CONVERSION = YES;
				CLANG_WARN_OBJC_ROOT_CLASS = YES_ERROR;
				CLANG_WARN_RANGE_LOOP_ANALYSIS = YES;
				CLANG_WARN_STRICT_PROTOTYPES = YES;
				CLANG_WARN_SUSPICIOUS_MOVE = YES;
				CLANG_WARN_UNGUARDED_AVAILABILITY = YES_AGGRESSIVE;
				CLANG_WARN_UNREACHABLE_CODE = YES;
				CLANG_WARN__DUPLICATE_METHOD_MATCH = YES;
				CODE_SIGN_IDENTITY = "iPhone Developer";
				COPY_PHASE_STRIP = NO;
				DEBUG_INFORMATION_FORMAT = "dwarf-with-dsym";
				ENABLE_NS_ASSERTIONS = NO;
				ENABLE_STRICT_OBJC_MSGSEND = YES;
				GCC_C_LANGUAGE_STANDARD = gnu11;
				GCC_NO_COMMON_BLOCKS = YES;
				GCC_WARN_64_TO_32_BIT_CONVERSION = YES;
				GCC_WARN_ABOUT_RETURN_TYPE = YES_ERROR;
				GCC_WARN_UNDECLARED_SELECTOR = YES;
				GCC_WARN_UNINITIALIZED_AUTOS = YES_AGGRESSIVE;
				GCC_WARN_UNUSED_FUNCTION = YES;
				GCC_WARN_UNUSED_VARIABLE = YES;
				IPHONEOS_DEPLOYMENT_TARGET = 11.4;
				MTL_ENABLE_DEBUG_INFO = NO;
				SDKROOT = iphoneos;
				SWIFT_COMPILATION_MODE = wholemodule;
				SWIFT_OPTIMIZATION_LEVEL = "-O";
				VALIDATE_PRODUCT = YES;
			};
			name = Release;
		};
		1884120421076CFF00F76EDA /* Debug */ = {
			isa = XCBuildConfiguration;
			buildSettings = {
				ASSETCATALOG_COMPILER_APPICON_NAME = AppIcon;
				CLANG_ENABLE_MODULES = YES;
				CODE_SIGN_STYLE = Automatic;
				DEVELOPMENT_TEAM = XN5BQUAUEN;
				INFOPLIST_FILE = SideBar/Info.plist;
				LD_RUNPATH_SEARCH_PATHS = (
					"$(inherited)",
					"@executable_path/Frameworks",
				);
				PRODUCT_BUNDLE_IDENTIFIER = com.newone.SideBar;
				PRODUCT_NAME = "$(TARGET_NAME)";
				SWIFT_OBJC_BRIDGING_HEADER = "SideBar/SideBar-Bridging-Header.h";
				SWIFT_OPTIMIZATION_LEVEL = "-Onone";
				SWIFT_VERSION = 4.0;
				TARGETED_DEVICE_FAMILY = 1;
			};
			name = Debug;
		};
		1884120521076CFF00F76EDA /* Release */ = {
			isa = XCBuildConfiguration;
			buildSettings = {
				ASSETCATALOG_COMPILER_APPICON_NAME = AppIcon;
				CLANG_ENABLE_MODULES = YES;
				CODE_SIGN_STYLE = Automatic;
				DEVELOPMENT_TEAM = XN5BQUAUEN;
				INFOPLIST_FILE = SideBar/Info.plist;
				LD_RUNPATH_SEARCH_PATHS = (
					"$(inherited)",
					"@executable_path/Frameworks",
				);
				PRODUCT_BUNDLE_IDENTIFIER = com.newone.SideBar;
				PRODUCT_NAME = "$(TARGET_NAME)";
				SWIFT_OBJC_BRIDGING_HEADER = "SideBar/SideBar-Bridging-Header.h";
				SWIFT_VERSION = 4.0;
				TARGETED_DEVICE_FAMILY = 1;
			};
			name = Release;
		};
/* End XCBuildConfiguration section */

/* Begin XCConfigurationList section */
		188411EC21076CFE00F76EDA /* Build configuration list for PBXProject "SideBar" */ = {
			isa = XCConfigurationList;
			buildConfigurations = (
				1884120121076CFF00F76EDA /* Debug */,
				1884120221076CFF00F76EDA /* Release */,
			);
			defaultConfigurationIsVisible = 0;
			defaultConfigurationName = Release;
		};
		1884120321076CFF00F76EDA /* Build configuration list for PBXNativeTarget "SideBar" */ = {
			isa = XCConfigurationList;
			buildConfigurations = (
				1884120421076CFF00F76EDA /* Debug */,
				1884120521076CFF00F76EDA /* Release */,
			);
			defaultConfigurationIsVisible = 0;
			defaultConfigurationName = Release;
		};
/* End XCConfigurationList section */
	};
	rootObject = 188411E921076CFE00F76EDA /* Project object */;
}
