// !$*UTF8*$!
{
	archiveVersion = 1;
	classes = {
	};
	objectVersion = 50;
	objects = {

/* Begin PBXBuildFile section */
		180D6EA52109B0D50068C4C4 /* SWRevealViewController.m in Sources */ = {isa = PBXBuildFile; fileRef = 180D6EA32109B0D50068C4C4 /* SWRevealViewController.m */; };
		180D6EAF2109B1110068C4C4 /* account@2x.jpg in Resources */ = {isa = PBXBuildFile; fileRef = 180D6EA62109B1100068C4C4 /* account@2x.jpg */; };
		180D6EB02109B1110068C4C4 /* icon02.png in Resources */ = {isa = PBXBuildFile; fileRef = 180D6EA72109B1100068C4C4 /* icon02.png */; };
		180D6EB12109B1110068C4C4 /* icon04.png in Resources */ = {isa = PBXBuildFile; fileRef = 180D6EA82109B1100068C4C4 /* icon04.png */; };
		180D6EB22109B1110068C4C4 /* icon03.png in Resources */ = {isa = PBXBuildFile; fileRef = 180D6EA92109B1100068C4C4 /* icon03.png */; };
		180D6EB32109B1110068C4C4 /* sidemenu.png in Resources */ = {isa = PBXBuildFile; fileRef = 180D6EAA2109B1100068C4C4 /* sidemenu.png */; };
		180D6EB42109B1110068C4C4 /* icon06.png in Resources */ = {isa = PBXBuildFile; fileRef = 180D6EAB2109B1100068C4C4 /* icon06.png */; };
		180D6EB52109B1110068C4C4 /* icon05.png in Resources */ = {isa = PBXBuildFile; fileRef = 180D6EAC2109B1100068C4C4 /* icon05.png */; };
		180D6EB62109B1110068C4C4 /* fountainpen@2x.png in Resources */ = {isa = PBXBuildFile; fileRef = 180D6EAD2109B1100068C4C4 /* fountainpen@2x.png */; };
		180D6EB72109B1110068C4C4 /* icon01.png in Resources */ = {isa = PBXBuildFile; fileRef = 180D6EAE2109B1110068C4C4 /* icon01.png */; };
		180D6EB92109BA830068C4C4 /* SideBarVC.swift in Sources */ = {isa = PBXBuildFile; fileRef = 180D6EB82109BA830068C4C4 /* SideBarVC.swift */; };
		180D6EBB2109DE5C0068C4C4 /* ProfileVC.swift in Sources */ = {isa = PBXBuildFile; fileRef = 180D6EBA2109DE5C0068C4C4 /* ProfileVC.swift */; };
		180D6EBD2109E7C60068C4C4 /* profile-bg.png in Resources */ = {isa = PBXBuildFile; fileRef = 180D6EBC2109E7C60068C4C4 /* profile-bg.png */; };
		186A657A21038527001D8CE9 /* CSLogButton.swift in Sources */ = {isa = PBXBuildFile; fileRef = 186A657921038527001D8CE9 /* CSLogButton.swift */; };
		188411D921075D7000F76EDA /* button-bg.png in Resources */ = {isa = PBXBuildFile; fileRef = 188411D821075D7000F76EDA /* button-bg.png */; };
		188411DD21075FAD00F76EDA /* warning-icon-60@2x.png in Resources */ = {isa = PBXBuildFile; fileRef = 188411DB21075FAD00F76EDA /* warning-icon-60@2x.png */; };
		188411DF2107618500F76EDA /* memo-background@2x.png in Resources */ = {isa = PBXBuildFile; fileRef = 188411DE2107618500F76EDA /* memo-background@2x.png */; };
		1892545720CC55E800B6CA1E /* memo-0-1.jpg in Resources */ = {isa = PBXBuildFile; fileRef = 1892545620CC55E800B6CA1E /* memo-0-1.jpg */; };
		18D6E35620C9903200B548EC /* AppDelegate.swift in Sources */ = {isa = PBXBuildFile; fileRef = 18D6E35520C9903200B548EC /* AppDelegate.swift */; };
		18D6E35820C9903200B548EC /* ViewController.swift in Sources */ = {isa = PBXBuildFile; fileRef = 18D6E35720C9903200B548EC /* ViewController.swift */; };
		18D6E35B20C9903200B548EC /* Main.storyboard in Resources */ = {isa = PBXBuildFile; fileRef = 18D6E35920C9903200B548EC /* Main.storyboard */; };
		18D6E35E20C9903200B548EC /* Memo.xcdatamodeld in Sources */ = {isa = PBXBuildFile; fileRef = 18D6E35C20C9903200B548EC /* Memo.xcdatamodeld */; };
		18D6E36020C9903300B548EC /* Assets.xcassets in Resources */ = {isa = PBXBuildFile; fileRef = 18D6E35F20C9903300B548EC /* Assets.xcassets */; };
		18D6E36320C9903300B548EC /* LaunchScreen.storyboard in Resources */ = {isa = PBXBuildFile; fileRef = 18D6E36120C9903300B548EC /* LaunchScreen.storyboard */; };
		18D6E36F20C9AC7C00B548EC /* MemoListVC.swift in Sources */ = {isa = PBXBuildFile; fileRef = 18D6E36E20C9AC7C00B548EC /* MemoListVC.swift */; };
		18D6E37120C9AC9E00B548EC /* MemoFormVC.swift in Sources */ = {isa = PBXBuildFile; fileRef = 18D6E37020C9AC9E00B548EC /* MemoFormVC.swift */; };
		18D6E37320C9ACB000B548EC /* MemoReadVC.swift in Sources */ = {isa = PBXBuildFile; fileRef = 18D6E37220C9ACB000B548EC /* MemoReadVC.swift */; };
		18D6E37520C9AD0E00B548EC /* MemoCell.swift in Sources */ = {isa = PBXBuildFile; fileRef = 18D6E37420C9AD0E00B548EC /* MemoCell.swift */; };
		18D6E37720C9AD4A00B548EC /* MemoData.swift in Sources */ = {isa = PBXBuildFile; fileRef = 18D6E37620C9AD4A00B548EC /* MemoData.swift */; };
/* End PBXBuildFile section */

/* Begin PBXFileReference section */
		180D6EA22109B0D40068C4C4 /* Memo-Bridging-Header.h */ = {isa = PBXFileReference; lastKnownFileType = sourcecode.c.h; path = "Memo-Bridging-Header.h"; sourceTree = "<group>"; };
		180D6EA32109B0D50068C4C4 /* SWRevealViewController.m */ = {isa = PBXFileReference; fileEncoding = 4; lastKnownFileType = sourcecode.c.objc; path = SWRevealViewController.m; sourceTree = "<group>"; };
		180D6EA42109B0D50068C4C4 /* SWRevealViewController.h */ = {isa = PBXFileReference; fileEncoding = 4; lastKnownFileType = sourcecode.c.h; path = SWRevealViewController.h; sourceTree = "<group>"; };
		180D6EA62109B1100068C4C4 /* account@2x.jpg */ = {isa = PBXFileReference; lastKnownFileType = image.jpeg; path = "account@2x.jpg"; sourceTree = "<group>"; };
		180D6EA72109B1100068C4C4 /* icon02.png */ = {isa = PBXFileReference; lastKnownFileType = image.png; path = icon02.png; sourceTree = "<group>"; };
		180D6EA82109B1100068C4C4 /* icon04.png */ = {isa = PBXFileReference; lastKnownFileType = image.png; path = icon04.png; sourceTree = "<group>"; };
		180D6EA92109B1100068C4C4 /* icon03.png */ = {isa = PBXFileReference; lastKnownFileType = image.png; path = icon03.png; sourceTree = "<group>"; };
		180D6EAA2109B1100068C4C4 /* sidemenu.png */ = {isa = PBXFileReference; lastKnownFileType = image.png; path = sidemenu.png; sourceTree = "<group>"; };
		180D6EAB2109B1100068C4C4 /* icon06.png */ = {isa = PBXFileReference; lastKnownFileType = image.png; path = icon06.png; sourceTree = "<group>"; };
		180D6EAC2109B1100068C4C4 /* icon05.png */ = {isa = PBXFileReference; lastKnownFileType = image.png; path = icon05.png; sourceTree = "<group>"; };
		180D6EAD2109B1100068C4C4 /* fountainpen@2x.png */ = {isa = PBXFileReference; lastKnownFileType = image.png; path = "fountainpen@2x.png"; sourceTree = "<group>"; };
		180D6EAE2109B1110068C4C4 /* icon01.png */ = {isa = PBXFileReference; lastKnownFileType = image.png; path = icon01.png; sourceTree = "<group>"; };
		180D6EB82109BA830068C4C4 /* SideBarVC.swift */ = {isa = PBXFileReference; lastKnownFileType = sourcecode.swift; path = SideBarVC.swift; sourceTree = "<group>"; };
		180D6EBA2109DE5C0068C4C4 /* ProfileVC.swift */ = {isa = PBXFileReference; lastKnownFileType = sourcecode.swift; path = ProfileVC.swift; sourceTree = "<group>"; };
		180D6EBC2109E7C60068C4C4 /* profile-bg.png */ = {isa = PBXFileReference; lastKnownFileType = image.png; path = "profile-bg.png"; sourceTree = "<group>"; };
		186A657921038527001D8CE9 /* CSLogButton.swift */ = {isa = PBXFileReference; lastKnownFileType = sourcecode.swift; path = CSLogButton.swift; sourceTree = "<group>"; };
		188411D821075D7000F76EDA /* button-bg.png */ = {isa = PBXFileReference; lastKnownFileType = image.png; path = "button-bg.png"; sourceTree = "<group>"; };
		188411DB21075FAD00F76EDA /* warning-icon-60@2x.png */ = {isa = PBXFileReference; lastKnownFileType = image.png; path = "warning-icon-60@2x.png"; sourceTree = "<group>"; };
		188411DE2107618500F76EDA /* memo-background@2x.png */ = {isa = PBXFileReference; lastKnownFileType = image.png; path = "memo-background@2x.png"; sourceTree = "<group>"; };
		1892545620CC55E800B6CA1E /* memo-0-1.jpg */ = {isa = PBXFileReference; lastKnownFileType = image.jpeg; path = "memo-0-1.jpg"; sourceTree = "<group>"; };
		18D6E35220C9903200B548EC /* Memo.app */ = {isa = PBXFileReference; explicitFileType = wrapper.application; includeInIndex = 0; path = Memo.app; sourceTree = BUILT_PRODUCTS_DIR; };
		18D6E35520C9903200B548EC /* AppDelegate.swift */ = {isa = PBXFileReference; lastKnownFileType = sourcecode.swift; path = AppDelegate.swift; sourceTree = "<group>"; };
		18D6E35720C9903200B548EC /* ViewController.swift */ = {isa = PBXFileReference; lastKnownFileType = sourcecode.swift; path = ViewController.swift; sourceTree = "<group>"; };
		18D6E35A20C9903200B548EC /* Base */ = {isa = PBXFileReference; lastKnownFileType = file.storyboard; name = Base; path = Base.lproj/Main.storyboard; sourceTree = "<group>"; };
		18D6E35D20C9903200B548EC /* Memo.xcdatamodel */ = {isa = PBXFileReference; lastKnownFileType = wrapper.xcdatamodel; path = Memo.xcdatamodel; sourceTree = "<group>"; };
		18D6E35F20C9903300B548EC /* Assets.xcassets */ = {isa = PBXFileReference; lastKnownFileType = folder.assetcatalog; path = Assets.xcassets; sourceTree = "<group>"; };
		18D6E36220C9903300B548EC /* Base */ = {isa = PBXFileReference; lastKnownFileType = file.storyboard; name = Base; path = Base.lproj/LaunchScreen.storyboard; sourceTree = "<group>"; };
		18D6E36420C9903400B548EC /* Info.plist */ = {isa = PBXFileReference; lastKnownFileType = text.plist.xml; path = Info.plist; sourceTree = "<group>"; };
		18D6E36E20C9AC7C00B548EC /* MemoListVC.swift */ = {isa = PBXFileReference; lastKnownFileType = sourcecode.swift; path = MemoListVC.swift; sourceTree = "<group>"; };
		18D6E37020C9AC9E00B548EC /* MemoFormVC.swift */ = {isa = PBXFileReference; lastKnownFileType = sourcecode.swift; path = MemoFormVC.swift; sourceTree = "<group>"; };
		18D6E37220C9ACB000B548EC /* MemoReadVC.swift */ = {isa = PBXFileReference; lastKnownFileType = sourcecode.swift; path = MemoReadVC.swift; sourceTree = "<group>"; };
		18D6E37420C9AD0E00B548EC /* MemoCell.swift */ = {isa = PBXFileReference; lastKnownFileType = sourcecode.swift; path = MemoCell.swift; sourceTree = "<group>"; };
		18D6E37620C9AD4A00B548EC /* MemoData.swift */ = {isa = PBXFileReference; lastKnownFileType = sourcecode.swift; path = MemoData.swift; sourceTree = "<group>"; };
/* End PBXFileReference section */

/* Begin PBXFrameworksBuildPhase section */
		18D6E34F20C9903200B548EC /* Frameworks */ = {
			isa = PBXFrameworksBuildPhase;
			buildActionMask = 2147483647;
			files = (
			);
			runOnlyForDeploymentPostprocessing = 0;
		};
/* End PBXFrameworksBuildPhase section */

/* Begin PBXGroup section */
		1892545520CC532000B6CA1E /* Resources */ = {
			isa = PBXGroup;
			children = (
				180D6EBC2109E7C60068C4C4 /* profile-bg.png */,
				180D6EA62109B1100068C4C4 /* account@2x.jpg */,
				180D6EAD2109B1100068C4C4 /* fountainpen@2x.png */,
				180D6EAE2109B1110068C4C4 /* icon01.png */,
				180D6EA72109B1100068C4C4 /* icon02.png */,
				180D6EA92109B1100068C4C4 /* icon03.png */,
				180D6EA82109B1100068C4C4 /* icon04.png */,
				180D6EAC2109B1100068C4C4 /* icon05.png */,
				180D6EAB2109B1100068C4C4 /* icon06.png */,
				180D6EAA2109B1100068C4C4 /* sidemenu.png */,
				188411DE2107618500F76EDA /* memo-background@2x.png */,
				188411DB21075FAD00F76EDA /* warning-icon-60@2x.png */,
				188411D821075D7000F76EDA /* button-bg.png */,
				1892545620CC55E800B6CA1E /* memo-0-1.jpg */,
			);
			path = Resources;
			sourceTree = "<group>";
		};
		18D6E34920C9903200B548EC = {
			isa = PBXGroup;
			children = (
				1892545520CC532000B6CA1E /* Resources */,
				18D6E35420C9903200B548EC /* Memo */,
				18D6E35320C9903200B548EC /* Products */,
			);
			sourceTree = "<group>";
		};
		18D6E35320C9903200B548EC /* Products */ = {
			isa = PBXGroup;
			children = (
				18D6E35220C9903200B548EC /* Memo.app */,
			);
			name = Products;
			sourceTree = "<group>";
		};
		18D6E35420C9903200B548EC /* Memo */ = {
			isa = PBXGroup;
			children = (
				180D6EA42109B0D50068C4C4 /* SWRevealViewController.h */,
				180D6EA32109B0D50068C4C4 /* SWRevealViewController.m */,
				18D6E35520C9903200B548EC /* AppDelegate.swift */,
				18D6E35720C9903200B548EC /* ViewController.swift */,
				18D6E36E20C9AC7C00B548EC /* MemoListVC.swift */,
				18D6E35920C9903200B548EC /* Main.storyboard */,
				18D6E35F20C9903300B548EC /* Assets.xcassets */,
				18D6E36120C9903300B548EC /* LaunchScreen.storyboard */,
				18D6E36420C9903400B548EC /* Info.plist */,
				18D6E35C20C9903200B548EC /* Memo.xcdatamodeld */,
				18D6E37020C9AC9E00B548EC /* MemoFormVC.swift */,
				18D6E37220C9ACB000B548EC /* MemoReadVC.swift */,
				18D6E37420C9AD0E00B548EC /* MemoCell.swift */,
				18D6E37620C9AD4A00B548EC /* MemoData.swift */,
				186A657921038527001D8CE9 /* CSLogButton.swift */,
				180D6EA22109B0D40068C4C4 /* Memo-Bridging-Header.h */,
				180D6EB82109BA830068C4C4 /* SideBarVC.swift */,
				180D6EBA2109DE5C0068C4C4 /* ProfileVC.swift */,
			);
			path = Memo;
			sourceTree = "<group>";
		};
/* End PBXGroup section */

/* Begin PBXNativeTarget section */
		18D6E35120C9903200B548EC /* Memo */ = {
			isa = PBXNativeTarget;
			buildConfigurationList = 18D6E36720C9903400B548EC /* Build configuration list for PBXNativeTarget "Memo" */;
			buildPhases = (
				18D6E34E20C9903200B548EC /* Sources */,
				18D6E34F20C9903200B548EC /* Frameworks */,
				18D6E35020C9903200B548EC /* Resources */,
			);
			buildRules = (
			);
			dependencies = (
			);
			name = Memo;
			productName = Memo;
			productReference = 18D6E35220C9903200B548EC /* Memo.app */;
			productType = "com.apple.product-type.application";
		};
/* End PBXNativeTarget section */

/* Begin PBXProject section */
		18D6E34A20C9903200B548EC /* Project object */ = {
			isa = PBXProject;
			attributes = {
				LastSwiftUpdateCheck = 0940;
				LastUpgradeCheck = 0940;
				ORGANIZATIONNAME = "이민혁";
				TargetAttributes = {
					18D6E35120C9903200B548EC = {
						CreatedOnToolsVersion = 9.4;
						LastSwiftMigration = 0940;
					};
				};
			};
			buildConfigurationList = 18D6E34D20C9903200B548EC /* Build configuration list for PBXProject "Memo" */;
			compatibilityVersion = "Xcode 9.3";
			developmentRegion = en;
			hasScannedForEncodings = 0;
			knownRegions = (
				en,
				Base,
			);
			mainGroup = 18D6E34920C9903200B548EC;
			productRefGroup = 18D6E35320C9903200B548EC /* Products */;
			projectDirPath = "";
			projectRoot = "";
			targets = (
				18D6E35120C9903200B548EC /* Memo */,
			);
		};
/* End PBXProject section */

/* Begin PBXResourcesBuildPhase section */
		18D6E35020C9903200B548EC /* Resources */ = {
			isa = PBXResourcesBuildPhase;
			buildActionMask = 2147483647;
			files = (
				188411DF2107618500F76EDA /* memo-background@2x.png in Resources */,
				1892545720CC55E800B6CA1E /* memo-0-1.jpg in Resources */,
				180D6EB42109B1110068C4C4 /* icon06.png in Resources */,
				180D6EB62109B1110068C4C4 /* fountainpen@2x.png in Resources */,
				180D6EB22109B1110068C4C4 /* icon03.png in Resources */,
				188411D921075D7000F76EDA /* button-bg.png in Resources */,
				18D6E36320C9903300B548EC /* LaunchScreen.storyboard in Resources */,
				180D6EB72109B1110068C4C4 /* icon01.png in Resources */,
				180D6EB12109B1110068C4C4 /* icon04.png in Resources */,
				180D6EB52109B1110068C4C4 /* icon05.png in Resources */,
				180D6EB02109B1110068C4C4 /* icon02.png in Resources */,
				180D6EAF2109B1110068C4C4 /* account@2x.jpg in Resources */,
				18D6E36020C9903300B548EC /* Assets.xcassets in Resources */,
				180D6EB32109B1110068C4C4 /* sidemenu.png in Resources */,
				18D6E35B20C9903200B548EC /* Main.storyboard in Resources */,
				188411DD21075FAD00F76EDA /* warning-icon-60@2x.png in Resources */,
				180D6EBD2109E7C60068C4C4 /* profile-bg.png in Resources */,
			);
			runOnlyForDeploymentPostprocessing = 0;
		};
/* End PBXResourcesBuildPhase section */

/* Begin PBXSourcesBuildPhase section */
		18D6E34E20C9903200B548EC /* Sources */ = {
			isa = PBXSourcesBuildPhase;
			buildActionMask = 2147483647;
			files = (
				180D6EBB2109DE5C0068C4C4 /* ProfileVC.swift in Sources */,
				186A657A21038527001D8CE9 /* CSLogButton.swift in Sources */,
				180D6EB92109BA830068C4C4 /* SideBarVC.swift in Sources */,
				18D6E37520C9AD0E00B548EC /* MemoCell.swift in Sources */,
				18D6E37720C9AD4A00B548EC /* MemoData.swift in Sources */,
				18D6E35820C9903200B548EC /* ViewController.swift in Sources */,
				18D6E37120C9AC9E00B548EC /* MemoFormVC.swift in Sources */,
				18D6E37320C9ACB000B548EC /* MemoReadVC.swift in Sources */,
				18D6E35E20C9903200B548EC /* Memo.xcdatamodeld in Sources */,
				180D6EA52109B0D50068C4C4 /* SWRevealViewController.m in Sources */,
				18D6E36F20C9AC7C00B548EC /* MemoListVC.swift in Sources */,
				18D6E35620C9903200B548EC /* AppDelegate.swift in Sources */,
			);
			runOnlyForDeploymentPostprocessing = 0;
		};
/* End PBXSourcesBuildPhase section */

/* Begin PBXVariantGroup section */
		18D6E35920C9903200B548EC /* Main.storyboard */ = {
			isa = PBXVariantGroup;
			children = (
				18D6E35A20C9903200B548EC /* Base */,
			);
			name = Main.storyboard;
			sourceTree = "<group>";
		};
		18D6E36120C9903300B548EC /* LaunchScreen.storyboard */ = {
			isa = PBXVariantGroup;
			children = (
				18D6E36220C9903300B548EC /* Base */,
			);
			name = LaunchScreen.storyboard;
			sourceTree = "<group>";
		};
/* End PBXVariantGroup section */

/* Begin XCBuildConfiguration section */
		18D6E36520C9903400B548EC /* Debug */ = {
			isa = XCBuildConfiguration;
			buildSettings = {
				ALWAYS_SEARCH_USER_PATHS = NO;
				CLANG_ANALYZER_NONNULL = YES;
				CLANG_ANALYZER_NUMBER_OBJECT_CONVERSION = YES_AGGRESSIVE;
				CLANG_CXX_LANGUAGE_STANDARD = "gnu++14";
				CLANG_CXX_LIBRARY = "libc++";
				CLANG_ENABLE_MODULES = YES;
				CLANG_ENABLE_OBJC_ARC = YES;
				CLANG_ENABLE_OBJC_WEAK = YES;
				CLANG_WARN_BLOCK_CAPTURE_AUTORELEASING = YES;
				CLANG_WARN_BOOL_CONVERSION = YES;
				CLANG_WARN_COMMA = YES;
				CLANG_WARN_CONSTANT_CONVERSION = YES;
				CLANG_WARN_DEPRECATED_OBJC_IMPLEMENTATIONS = YES;
				CLANG_WARN_DIRECT_OBJC_ISA_USAGE = YES_ERROR;
				CLANG_WARN_DOCUMENTATION_COMMENTS = YES;
				CLANG_WARN_EMPTY_BODY = YES;
				CLANG_WARN_ENUM_CONVERSION = YES;
				CLANG_WARN_INFINITE_RECURSION = YES;
				CLANG_WARN_INT_CONVERSION = YES;
				CLANG_WARN_NON_LITERAL_NULL_CONVERSION = YES;
				CLANG_WARN_OBJC_IMPLICIT_RETAIN_SELF = YES;
				CLANG_WARN_OBJC_LITERAL_CONVERSION = YES;
				CLANG_WARN_OBJC_ROOT_CLASS = YES_ERROR;
				CLANG_WARN_RANGE_LOOP_ANALYSIS = YES;
				CLANG_WARN_STRICT_PROTOTYPES = YES;
				CLANG_WARN_SUSPICIOUS_MOVE = YES;
				CLANG_WARN_UNGUARDED_AVAILABILITY = YES_AGGRESSIVE;
				CLANG_WARN_UNREACHABLE_CODE = YES;
				CLANG_WARN__DUPLICATE_METHOD_MATCH = YES;
				CODE_SIGN_IDENTITY = "iPhone Developer";
				COPY_PHASE_STRIP = NO;
				DEBUG_INFORMATION_FORMAT = dwarf;
				ENABLE_STRICT_OBJC_MSGSEND = YES;
				ENABLE_TESTABILITY = YES;
				GCC_C_LANGUAGE_STANDARD = gnu11;
				GCC_DYNAMIC_NO_PIC = NO;
				GCC_NO_COMMON_BLOCKS = YES;
				GCC_OPTIMIZATION_LEVEL = 0;
				GCC_PREPROCESSOR_DEFINITIONS = (
					"DEBUG=1",
					"$(inherited)",
				);
				GCC_WARN_64_TO_32_BIT_CONVERSION = YES;
				GCC_WARN_ABOUT_RETURN_TYPE = YES_ERROR;
				GCC_WARN_UNDECLARED_SELECTOR = YES;
				GCC_WARN_UNINITIALIZED_AUTOS = YES_AGGRESSIVE;
				GCC_WARN_UNUSED_FUNCTION = YES;
				GCC_WARN_UNUSED_VARIABLE = YES;
				IPHONEOS_DEPLOYMENT_TARGET = 11.4;
				MTL_ENABLE_DEBUG_INFO = YES;
				ONLY_ACTIVE_ARCH = YES;
				SDKROOT = iphoneos;
				SWIFT_ACTIVE_COMPILATION_CONDITIONS = DEBUG;
				SWIFT_OPTIMIZATION_LEVEL = "-Onone";
			};
			name = Debug;
		};
		18D6E36620C9903400B548EC /* Release */ = {
			isa = XCBuildConfiguration;
			buildSettings = {
				ALWAYS_SEARCH_USER_PATHS = NO;
				CLANG_ANALYZER_NONNULL = YES;
				CLANG_ANALYZER_NUMBER_OBJECT_CONVERSION = YES_AGGRESSIVE;
				CLANG_CXX_LANGUAGE_STANDARD = "gnu++14";
				CLANG_CXX_LIBRARY = "libc++";
				CLANG_ENABLE_MODULES = YES;
				CLANG_ENABLE_OBJC_ARC = YES;
				CLANG_ENABLE_OBJC_WEAK = YES;
				CLANG_WARN_BLOCK_CAPTURE_AUTORELEASING = YES;
				CLANG_WARN_BOOL_CONVERSION = YES;
				CLANG_WARN_COMMA = YES;
				CLANG_WARN_CONSTANT_CONVERSION = YES;
				CLANG_WARN_DEPRECATED_OBJC_IMPLEMENTATIONS = YES;
				CLANG_WARN_DIRECT_OBJC_ISA_USAGE = YES_ERROR;
				CLANG_WARN_DOCUMENTATION_COMMENTS = YES;
				CLANG_WARN_EMPTY_BODY = YES;
				CLANG_WARN_ENUM_CONVERSION = YES;
				CLANG_WARN_INFINITE_RECURSION = YES;
				CLANG_WARN_INT_CONVERSION = YES;
				CLANG_WARN_NON_LITERAL_NULL_CONVERSION = YES;
				CLANG_WARN_OBJC_IMPLICIT_RETAIN_SELF = YES;
				CLANG_WARN_OBJC_LITERAL_CONVERSION = YES;
				CLANG_WARN_OBJC_ROOT_CLASS = YES_ERROR;
				CLANG_WARN_RANGE_LOOP_ANALYSIS = YES;
				CLANG_WARN_STRICT_PROTOTYPES = YES;
				CLANG_WARN_SUSPICIOUS_MOVE = YES;
				CLANG_WARN_UNGUARDED_AVAILABILITY = YES_AGGRESSIVE;
				CLANG_WARN_UNREACHABLE_CODE = YES;
				CLANG_WARN__DUPLICATE_METHOD_MATCH = YES;
				CODE_SIGN_IDENTITY = "iPhone Developer";
				COPY_PHASE_STRIP = NO;
				DEBUG_INFORMATION_FORMAT = "dwarf-with-dsym";
				ENABLE_NS_ASSERTIONS = NO;
				ENABLE_STRICT_OBJC_MSGSEND = YES;
				GCC_C_LANGUAGE_STANDARD = gnu11;
				GCC_NO_COMMON_BLOCKS = YES;
				GCC_WARN_64_TO_32_BIT_CONVERSION = YES;
				GCC_WARN_ABOUT_RETURN_TYPE = YES_ERROR;
				GCC_WARN_UNDECLARED_SELECTOR = YES;
				GCC_WARN_UNINITIALIZED_AUTOS = YES_AGGRESSIVE;
				GCC_WARN_UNUSED_FUNCTION = YES;
				GCC_WARN_UNUSED_VARIABLE = YES;
				IPHONEOS_DEPLOYMENT_TARGET = 11.4;
				MTL_ENABLE_DEBUG_INFO = NO;
				SDKROOT = iphoneos;
				SWIFT_COMPILATION_MODE = wholemodule;
				SWIFT_OPTIMIZATION_LEVEL = "-O";
				VALIDATE_PRODUCT = YES;
			};
			name = Release;
		};
		18D6E36820C9903400B548EC /* Debug */ = {
			isa = XCBuildConfiguration;
			buildSettings = {
				ASSETCATALOG_COMPILER_APPICON_NAME = AppIcon;
				CLANG_ENABLE_MODULES = YES;
				CODE_SIGN_STYLE = Automatic;
				DEVELOPMENT_TEAM = XN5BQUAUEN;
				INFOPLIST_FILE = Memo/Info.plist;
				LD_RUNPATH_SEARCH_PATHS = (
					"$(inherited)",
					"@executable_path/Frameworks",
				);
				PRODUCT_BUNDLE_IDENTIFIER = com.newone.Memo;
				PRODUCT_NAME = "$(TARGET_NAME)";
				SWIFT_OBJC_BRIDGING_HEADER = "Memo/Memo-Bridging-Header.h";
				SWIFT_OPTIMIZATION_LEVEL = "-Onone";
				SWIFT_VERSION = 4.0;
				TARGETED_DEVICE_FAMILY = 1;
			};
			name = Debug;
		};
		18D6E36920C9903400B548EC /* Release */ = {
			isa = XCBuildConfiguration;
			buildSettings = {
				ASSETCATALOG_COMPILER_APPICON_NAME = AppIcon;
				CLANG_ENABLE_MODULES = YES;
				CODE_SIGN_STYLE = Automatic;
				DEVELOPMENT_TEAM = XN5BQUAUEN;
				INFOPLIST_FILE = Memo/Info.plist;
				LD_RUNPATH_SEARCH_PATHS = (
					"$(inherited)",
					"@executable_path/Frameworks",
				);
				PRODUCT_BUNDLE_IDENTIFIER = com.newone.Memo;
				PRODUCT_NAME = "$(TARGET_NAME)";
				SWIFT_OBJC_BRIDGING_HEADER = "Memo/Memo-Bridging-Header.h";
				SWIFT_VERSION = 4.0;
				TARGETED_DEVICE_FAMILY = 1;
			};
			name = Release;
		};
/* End XCBuildConfiguration section */

/* Begin XCConfigurationList section */
		18D6E34D20C9903200B548EC /* Build configuration list for PBXProject "Memo" */ = {
			isa = XCConfigurationList;
			buildConfigurations = (
				18D6E36520C9903400B548EC /* Debug */,
				18D6E36620C9903400B548EC /* Release */,
			);
			defaultConfigurationIsVisible = 0;
			defaultConfigurationName = Release;
		};
		18D6E36720C9903400B548EC /* Build configuration list for PBXNativeTarget "Memo" */ = {
			isa = XCConfigurationList;
			buildConfigurations = (
				18D6E36820C9903400B548EC /* Debug */,
				18D6E36920C9903400B548EC /* Release */,
			);
			defaultConfigurationIsVisible = 0;
			defaultConfigurationName = Release;
		};
/* End XCConfigurationList section */

/* Begin XCVersionGroup section */
		18D6E35C20C9903200B548EC /* Memo.xcdatamodeld */ = {
			isa = XCVersionGroup;
			children = (
				18D6E35D20C9903200B548EC /* Memo.xcdatamodel */,
			);
			currentVersion = 18D6E35D20C9903200B548EC /* Memo.xcdatamodel */;
			path = Memo.xcdatamodeld;
			sourceTree = "<group>";
			versionGroupType = wrapper.xcdatamodel;
		};
/* End XCVersionGroup section */
	};
	rootObject = 18D6E34A20C9903200B548EC /* Project object */;
}
